
Microsoft Visual Studio Solution File, Format Version 12.00
# Visual Studio Version 17
VisualStudioVersion = 17.3.32929.385
MinimumVisualStudioVersion = 10.0.40219.1
Project("{FAE04EC0-301F-11D3-BF4B-00C04F79EFBC}") = "Calculadora", "Calculadora\Calculadora.csproj", "{30C4B883-0E35-4FE6-95D1-81ECBBED02A6}"
EndProject
Global
	GlobalSection(SolutionConfigurationPlatforms) = preSolution
		Debug|Any CPU = Debug|Any CPU
		Release|Any CPU = Release|Any CPU
	EndGlobalSection
	GlobalSection(ProjectConfigurationPlatforms) = postSolution
		{30C4B883-0E35-4FE6-95D1-81ECBBED02A6}.Debug|Any CPU.ActiveCfg = Debug|Any CPU
		{30C4B883-0E35-4FE6-95D1-81ECBBED02A6}.Debug|Any CPU.Build.0 = Debug|Any CPU
		{30C4B883-0E35-4FE6-95D1-81ECBBED02A6}.Release|Any CPU.ActiveCfg = Release|Any CPU
		{30C4B883-0E35-4FE6-95D1-81ECBBED02A6}.Release|Any CPU.Build.0 = Release|Any CPU
	EndGlobalSection
	GlobalSection(SolutionProperties) = preSolution
		HideSolutionNode = FALSE
	EndGlobalSection
	GlobalSection(ExtensibilityGlobals) = postSolution
		SolutionGuid = {C76F4315-D06F-452D-9BE7-9B29D917EF60}
	EndGlobalSection
EndGlobal
